
Microsoft Visual Studio Solution File, Format Version 12.00
Project("{FAE04EC0-301F-11D3-BF4B-00C04F79EFBC}") = "RIMASTest", "RIMASTest\RIMASTest.csproj", "{956C4759-4D71-4C8E-BBDB-A7232DBD35CB}"
EndProject
Global
	GlobalSection(SolutionConfigurationPlatforms) = preSolution
		Debug|Any CPU = Debug|Any CPU
		Release|Any CPU = Release|Any CPU
	EndGlobalSection
	GlobalSection(ProjectConfigurationPlatforms) = postSolution
		{956C4759-4D71-4C8E-BBDB-A7232DBD35CB}.Debug|Any CPU.ActiveCfg = Debug|Any CPU
		{956C4759-4D71-4C8E-BBDB-A7232DBD35CB}.Debug|Any CPU.Build.0 = Debug|Any CPU
		{956C4759-4D71-4C8E-BBDB-A7232DBD35CB}.Release|Any CPU.ActiveCfg = Release|Any CPU
		{956C4759-4D71-4C8E-BBDB-A7232DBD35CB}.Release|Any CPU.Build.0 = Release|Any CPU
	EndGlobalSection
EndGlobal
